
Microsoft Visual Studio Solution File, Format Version 12.00
# Visual Studio Version 17
VisualStudioVersion = 17.8.34525.116
MinimumVisualStudioVersion = 10.0.40219.1
Project("{FAE04EC0-301F-11D3-BF4B-00C04F79EFBC}") = "WebApplication1", "WebApplication1\WebApplication1.csproj", "{57EB8CFA-D48A-48EF-8254-A1279B183C71}"
EndProject
Global
	GlobalSection(SolutionConfigurationPlatforms) = preSolution
		Debug|Any CPU = Debug|Any CPU
		Release|Any CPU = Release|Any CPU
	EndGlobalSection
	GlobalSection(ProjectConfigurationPlatforms) = postSolution
		{57EB8CFA-D48A-48EF-8254-A1279B183C71}.Debug|Any CPU.ActiveCfg = Debug|Any CPU
		{57EB8CFA-D48A-48EF-8254-A1279B183C71}.Debug|Any CPU.Build.0 = Debug|Any CPU
		{57EB8CFA-D48A-48EF-8254-A1279B183C71}.Release|Any CPU.ActiveCfg = Release|Any CPU
		{57EB8CFA-D48A-48EF-8254-A1279B183C71}.Release|Any CPU.Build.0 = Release|Any CPU
	EndGlobalSection
	GlobalSection(SolutionProperties) = preSolution
		HideSolutionNode = FALSE
	EndGlobalSection
	GlobalSection(ExtensibilityGlobals) = postSolution
		SolutionGuid = {CFC408AC-AFAF-417F-9482-E11DEEFF8204}
	EndGlobalSection
EndGlobal
